// !$*UTF8*$!
{
	archiveVersion = 1;
	classes = {
	};
	objectVersion = 50;
	objects = {

/* Begin PBXBuildFile section */
		945979D12150196A00456C4D /* AppDelegate.swift in Sources */ = {isa = PBXBuildFile; fileRef = 945979D02150196A00456C4D /* AppDelegate.swift */; };
		945979D32150196A00456C4D /* ViewController.swift in Sources */ = {isa = PBXBuildFile; fileRef = 945979D22150196A00456C4D /* ViewController.swift */; };
		945979D62150196A00456C4D /* Main.storyboard in Resources */ = {isa = PBXBuildFile; fileRef = 945979D42150196A00456C4D /* Main.storyboard */; };
		945979D82150196B00456C4D /* Assets.xcassets in Resources */ = {isa = PBXBuildFile; fileRef = 945979D72150196B00456C4D /* Assets.xcassets */; };
		945979DB2150196B00456C4D /* LaunchScreen.storyboard in Resources */ = {isa = PBXBuildFile; fileRef = 945979D92150196B00456C4D /* LaunchScreen.storyboard */; };
		945979E62150196B00456C4D /* UnitConversionAppTests.swift in Sources */ = {isa = PBXBuildFile; fileRef = 945979E52150196B00456C4D /* UnitConversionAppTests.swift */; };
		945979F12150196B00456C4D /* UnitConversionAppUITests.swift in Sources */ = {isa = PBXBuildFile; fileRef = 945979F02150196B00456C4D /* UnitConversionAppUITests.swift */; };
/* End PBXBuildFile section */

/* Begin PBXContainerItemProxy section */
		945979E22150196B00456C4D /* PBXContainerItemProxy */ = {
			isa = PBXContainerItemProxy;
			containerPortal = 945979C52150196A00456C4D /* Project object */;
			proxyType = 1;
			remoteGlobalIDString = 945979CC2150196A00456C4D;
			remoteInfo = UnitConversionApp;
		};
		945979ED2150196B00456C4D /* PBXContainerItemProxy */ = {
			isa = PBXContainerItemProxy;
			containerPortal = 945979C52150196A00456C4D /* Project object */;
			proxyType = 1;
			remoteGlobalIDString = 945979CC2150196A00456C4D;
			remoteInfo = UnitConversionApp;
		};
/* End PBXContainerItemProxy section */

/* Begin PBXFileReference section */
		945979CD2150196A00456C4D /* UnitConversionApp.app */ = {isa = PBXFileReference; explicitFileType = wrapper.application; includeInIndex = 0; path = UnitConversionApp.app; sourceTree = BUILT_PRODUCTS_DIR; };
		945979D02150196A00456C4D /* AppDelegate.swift */ = {isa = PBXFileReference; lastKnownFileType = sourcecode.swift; path = AppDelegate.swift; sourceTree = "<group>"; };
		945979D22150196A00456C4D /* ViewController.swift */ = {isa = PBXFileReference; lastKnownFileType = sourcecode.swift; path = ViewController.swift; sourceTree = "<group>"; };
		945979D52150196A00456C4D /* Base */ = {isa = PBXFileReference; lastKnownFileType = file.storyboard; name = Base; path = Base.lproj/Main.storyboard; sourceTree = "<group>"; };
		945979D72150196B00456C4D /* Assets.xcassets */ = {isa = PBXFileReference; lastKnownFileType = folder.assetcatalog; path = Assets.xcassets; sourceTree = "<group>"; };
		945979DA2150196B00456C4D /* Base */ = {isa = PBXFileReference; lastKnownFileType = file.storyboard; name = Base; path = Base.lproj/LaunchScreen.storyboard; sourceTree = "<group>"; };
		945979DC2150196B00456C4D /* Info.plist */ = {isa = PBXFileReference; lastKnownFileType = text.plist.xml; path = Info.plist; sourceTree = "<group>"; };
		945979E12150196B00456C4D /* UnitConversionAppTests.xctest */ = {isa = PBXFileReference; explicitFileType = wrapper.cfbundle; includeInIndex = 0; path = UnitConversionAppTests.xctest; sourceTree = BUILT_PRODUCTS_DIR; };
		945979E52150196B00456C4D /* UnitConversionAppTests.swift */ = {isa = PBXFileReference; lastKnownFileType = sourcecode.swift; path = UnitConversionAppTests.swift; sourceTree = "<group>"; };
		945979E72150196B00456C4D /* Info.plist */ = {isa = PBXFileReference; lastKnownFileType = text.plist.xml; path = Info.plist; sourceTree = "<group>"; };
		945979EC2150196B00456C4D /* UnitConversionAppUITests.xctest */ = {isa = PBXFileReference; explicitFileType = wrapper.cfbundle; includeInIndex = 0; path = UnitConversionAppUITests.xctest; sourceTree = BUILT_PRODUCTS_DIR; };
		945979F02150196B00456C4D /* UnitConversionAppUITests.swift */ = {isa = PBXFileReference; lastKnownFileType = sourcecode.swift; path = UnitConversionAppUITests.swift; sourceTree = "<group>"; };
		945979F22150196B00456C4D /* Info.plist */ = {isa = PBXFileReference; lastKnownFileType = text.plist.xml; path = Info.plist; sourceTree = "<group>"; };
/* End PBXFileReference section */

/* Begin PBXFrameworksBuildPhase section */
		945979CA2150196A00456C4D /* Frameworks */ = {
			isa = PBXFrameworksBuildPhase;
			buildActionMask = 2147483647;
			files = (
			);
			runOnlyForDeploymentPostprocessing = 0;
		};
		945979DE2150196B00456C4D /* Frameworks */ = {
			isa = PBXFrameworksBuildPhase;
			buildActionMask = 2147483647;
			files = (
			);
			runOnlyForDeploymentPostprocessing = 0;
		};
		945979E92150196B00456C4D /* Frameworks */ = {
			isa = PBXFrameworksBuildPhase;
			buildActionMask = 2147483647;
			files = (
			);
			runOnlyForDeploymentPostprocessing = 0;
		};
/* End PBXFrameworksBuildPhase section */

/* Begin PBXGroup section */
		945979C42150196A00456C4D = {
			isa = PBXGroup;
			children = (
				945979CF2150196A00456C4D /* UnitConversionApp */,
				945979E42150196B00456C4D /* UnitConversionAppTests */,
				945979EF2150196B00456C4D /* UnitConversionAppUITests */,
				945979CE2150196A00456C4D /* Products */,
			);
			sourceTree = "<group>";
		};
		945979CE2150196A00456C4D /* Products */ = {
			isa = PBXGroup;
			children = (
				945979CD2150196A00456C4D /* UnitConversionApp.app */,
				945979E12150196B00456C4D /* UnitConversionAppTests.xctest */,
				945979EC2150196B00456C4D /* UnitConversionAppUITests.xctest */,
			);
			name = Products;
			sourceTree = "<group>";
		};
		945979CF2150196A00456C4D /* UnitConversionApp */ = {
			isa = PBXGroup;
			children = (
				945979D02150196A00456C4D /* AppDelegate.swift */,
				945979D22150196A00456C4D /* ViewController.swift */,
				945979D42150196A00456C4D /* Main.storyboard */,
				945979D72150196B00456C4D /* Assets.xcassets */,
				945979D92150196B00456C4D /* LaunchScreen.storyboard */,
				945979DC2150196B00456C4D /* Info.plist */,
			);
			path = UnitConversionApp;
			sourceTree = "<group>";
		};
		945979E42150196B00456C4D /* UnitConversionAppTests */ = {
			isa = PBXGroup;
			children = (
				945979E52150196B00456C4D /* UnitConversionAppTests.swift */,
				945979E72150196B00456C4D /* Info.plist */,
			);
			path = UnitConversionAppTests;
			sourceTree = "<group>";
		};
		945979EF2150196B00456C4D /* UnitConversionAppUITests */ = {
			isa = PBXGroup;
			children = (
				945979F02150196B00456C4D /* UnitConversionAppUITests.swift */,
				945979F22150196B00456C4D /* Info.plist */,
			);
			path = UnitConversionAppUITests;
			sourceTree = "<group>";
		};
/* End PBXGroup section */

/* Begin PBXNativeTarget section */
		945979CC2150196A00456C4D /* UnitConversionApp */ = {
			isa = PBXNativeTarget;
			buildConfigurationList = 945979F52150196B00456C4D /* Build configuration list for PBXNativeTarget "UnitConversionApp" */;
			buildPhases = (
				945979C92150196A00456C4D /* Sources */,
				945979CA2150196A00456C4D /* Frameworks */,
				945979CB2150196A00456C4D /* Resources */,
			);
			buildRules = (
			);
			dependencies = (
			);
			name = UnitConversionApp;
			productName = UnitConversionApp;
			productReference = 945979CD2150196A00456C4D /* UnitConversionApp.app */;
			productType = "com.apple.product-type.application";
		};
		945979E02150196B00456C4D /* UnitConversionAppTests */ = {
			isa = PBXNativeTarget;
			buildConfigurationList = 945979F82150196B00456C4D /* Build configuration list for PBXNativeTarget "UnitConversionAppTests" */;
			buildPhases = (
				945979DD2150196B00456C4D /* Sources */,
				945979DE2150196B00456C4D /* Frameworks */,
				945979DF2150196B00456C4D /* Resources */,
			);
			buildRules = (
			);
			dependencies = (
				945979E32150196B00456C4D /* PBXTargetDependency */,
			);
			name = UnitConversionAppTests;
			productName = UnitConversionAppTests;
			productReference = 945979E12150196B00456C4D /* UnitConversionAppTests.xctest */;
			productType = "com.apple.product-type.bundle.unit-test";
		};
		945979EB2150196B00456C4D /* UnitConversionAppUITests */ = {
			isa = PBXNativeTarget;
			buildConfigurationList = 945979FB2150196B00456C4D /* Build configuration list for PBXNativeTarget "UnitConversionAppUITests" */;
			buildPhases = (
				945979E82150196B00456C4D /* Sources */,
				945979E92150196B00456C4D /* Frameworks */,
				945979EA2150196B00456C4D /* Resources */,
			);
			buildRules = (
			);
			dependencies = (
				945979EE2150196B00456C4D /* PBXTargetDependency */,
			);
			name = UnitConversionAppUITests;
			productName = UnitConversionAppUITests;
			productReference = 945979EC2150196B00456C4D /* UnitConversionAppUITests.xctest */;
			productType = "com.apple.product-type.bundle.ui-testing";
		};
/* End PBXNativeTarget section */

/* Begin PBXProject section */
		945979C52150196A00456C4D /* Project object */ = {
			isa = PBXProject;
			attributes = {
				LastSwiftUpdateCheck = 0940;
				LastUpgradeCheck = 0940;
				ORGANIZATIONNAME = user144818;
				TargetAttributes = {
					945979CC2150196A00456C4D = {
						CreatedOnToolsVersion = 9.4.1;
					};
					945979E02150196B00456C4D = {
						CreatedOnToolsVersion = 9.4.1;
						TestTargetID = 945979CC2150196A00456C4D;
					};
					945979EB2150196B00456C4D = {
						CreatedOnToolsVersion = 9.4.1;
						TestTargetID = 945979CC2150196A00456C4D;
					};
				};
			};
			buildConfigurationList = 945979C82150196A00456C4D /* Build configuration list for PBXProject "UnitConversionApp" */;
			compatibilityVersion = "Xcode 9.3";
			developmentRegion = en;
			hasScannedForEncodings = 0;
			knownRegions = (
				en,
				Base,
			);
			mainGroup = 945979C42150196A00456C4D;
			productRefGroup = 945979CE2150196A00456C4D /* Products */;
			projectDirPath = "";
			projectRoot = "";
			targets = (
				945979CC2150196A00456C4D /* UnitConversionApp */,
				945979E02150196B00456C4D /* UnitConversionAppTests */,
				945979EB2150196B00456C4D /* UnitConversionAppUITests */,
			);
		};
/* End PBXProject section */

/* Begin PBXResourcesBuildPhase section */
		945979CB2150196A00456C4D /* Resources */ = {
			isa = PBXResourcesBuildPhase;
			buildActionMask = 2147483647;
			files = (
				945979DB2150196B00456C4D /* LaunchScreen.storyboard in Resources */,
				945979D82150196B00456C4D /* Assets.xcassets in Resources */,
				945979D62150196A00456C4D /* Main.storyboard in Resources */,
			);
			runOnlyForDeploymentPostprocessing = 0;
		};
		945979DF2150196B00456C4D /* Resources */ = {
			isa = PBXResourcesBuildPhase;
			buildActionMask = 2147483647;
			files = (
			);
			runOnlyForDeploymentPostprocessing = 0;
		};
		945979EA2150196B00456C4D /* Resources */ = {
			isa = PBXResourcesBuildPhase;
			buildActionMask = 2147483647;
			files = (
			);
			runOnlyForDeploymentPostprocessing = 0;
		};
/* End PBXResourcesBuildPhase section */

/* Begin PBXSourcesBuildPhase section */
		945979C92150196A00456C4D /* Sources */ = {
			isa = PBXSourcesBuildPhase;
			buildActionMask = 2147483647;
			files = (
				945979D32150196A00456C4D /* ViewController.swift in Sources */,
				945979D12150196A00456C4D /* AppDelegate.swift in Sources */,
			);
			runOnlyForDeploymentPostprocessing = 0;
		};
		945979DD2150196B00456C4D /* Sources */ = {
			isa = PBXSourcesBuildPhase;
			buildActionMask = 2147483647;
			files = (
				945979E62150196B00456C4D /* UnitConversionAppTests.swift in Sources */,
			);
			runOnlyForDeploymentPostprocessing = 0;
		};
		945979E82150196B00456C4D /* Sources */ = {
			isa = PBXSourcesBuildPhase;
			buildActionMask = 2147483647;
			files = (
				945979F12150196B00456C4D /* UnitConversionAppUITests.swift in Sources */,
			);
			runOnlyForDeploymentPostprocessing = 0;
		};
/* End PBXSourcesBuildPhase section */

/* Begin PBXTargetDependency section */
		945979E32150196B00456C4D /* PBXTargetDependency */ = {
			isa = PBXTargetDependency;
			target = 945979CC2150196A00456C4D /* UnitConversionApp */;
			targetProxy = 945979E22150196B00456C4D /* PBXContainerItemProxy */;
		};
		945979EE2150196B00456C4D /* PBXTargetDependency */ = {
			isa = PBXTargetDependency;
			target = 945979CC2150196A00456C4D /* UnitConversionApp */;
			targetProxy = 945979ED2150196B00456C4D /* PBXContainerItemProxy */;
		};
/* End PBXTargetDependency section */

/* Begin PBXVariantGroup section */
		945979D42150196A00456C4D /* Main.storyboard */ = {
			isa = PBXVariantGroup;
			children = (
				945979D52150196A00456C4D /* Base */,
			);
			name = Main.storyboard;
			sourceTree = "<group>";
		};
		945979D92150196B00456C4D /* LaunchScreen.storyboard */ = {
			isa = PBXVariantGroup;
			children = (
				945979DA2150196B00456C4D /* Base */,
			);
			name = LaunchScreen.storyboard;
			sourceTree = "<group>";
		};
/* End PBXVariantGroup section */

/* Begin XCBuildConfiguration section */
		945979F32150196B00456C4D /* Debug */ = {
			isa = XCBuildConfiguration;
			buildSettings = {
				ALWAYS_SEARCH_USER_PATHS = NO;
				CLANG_ANALYZER_NONNULL = YES;
				CLANG_ANALYZER_NUMBER_OBJECT_CONVERSION = YES_AGGRESSIVE;
				CLANG_CXX_LANGUAGE_STANDARD = "gnu++14";
				CLANG_CXX_LIBRARY = "libc++";
				CLANG_ENABLE_MODULES = YES;
				CLANG_ENABLE_OBJC_ARC = YES;
				CLANG_ENABLE_OBJC_WEAK = YES;
				CLANG_WARN_BLOCK_CAPTURE_AUTORELEASING = YES;
				CLANG_WARN_BOOL_CONVERSION = YES;
				CLANG_WARN_COMMA = YES;
				CLANG_WARN_CONSTANT_CONVERSION = YES;
				CLANG_WARN_DEPRECATED_OBJC_IMPLEMENTATIONS = YES;
				CLANG_WARN_DIRECT_OBJC_ISA_USAGE = YES_ERROR;
				CLANG_WARN_DOCUMENTATION_COMMENTS = YES;
				CLANG_WARN_EMPTY_BODY = YES;
				CLANG_WARN_ENUM_CONVERSION = YES;
				CLANG_WARN_INFINITE_RECURSION = YES;
				CLANG_WARN_INT_CONVERSION = YES;
				CLANG_WARN_NON_LITERAL_NULL_CONVERSION = YES;
				CLANG_WARN_OBJC_IMPLICIT_RETAIN_SELF = YES;
				CLANG_WARN_OBJC_LITERAL_CONVERSION = YES;
				CLANG_WARN_OBJC_ROOT_CLASS = YES_ERROR;
				CLANG_WARN_RANGE_LOOP_ANALYSIS = YES;
				CLANG_WARN_STRICT_PROTOTYPES = YES;
				CLANG_WARN_SUSPICIOUS_MOVE = YES;
				CLANG_WARN_UNGUARDED_AVAILABILITY = YES_AGGRESSIVE;
				CLANG_WARN_UNREACHABLE_CODE = YES;
				CLANG_WARN__DUPLICATE_METHOD_MATCH = YES;
				CODE_SIGN_IDENTITY = "iPhone Developer";
				COPY_PHASE_STRIP = NO;
				DEBUG_INFORMATION_FORMAT = dwarf;
				ENABLE_STRICT_OBJC_MSGSEND = YES;
				ENABLE_TESTABILITY = YES;
				GCC_C_LANGUAGE_STANDARD = gnu11;
				GCC_DYNAMIC_NO_PIC = NO;
				GCC_NO_COMMON_BLOCKS = YES;
				GCC_OPTIMIZATION_LEVEL = 0;
				GCC_PREPROCESSOR_DEFINITIONS = (
					"DEBUG=1",
					"$(inherited)",
				);
				GCC_WARN_64_TO_32_BIT_CONVERSION = YES;
				GCC_WARN_ABOUT_RETURN_TYPE = YES_ERROR;
				GCC_WARN_UNDECLARED_SELECTOR = YES;
				GCC_WARN_UNINITIALIZED_AUTOS = YES_AGGRESSIVE;
				GCC_WARN_UNUSED_FUNCTION = YES;
				GCC_WARN_UNUSED_VARIABLE = YES;
				IPHONEOS_DEPLOYMENT_TARGET = 11.4;
				MTL_ENABLE_DEBUG_INFO = YES;
				ONLY_ACTIVE_ARCH = YES;
				SDKROOT = iphoneos;
				SWIFT_ACTIVE_COMPILATION_CONDITIONS = DEBUG;
				SWIFT_OPTIMIZATION_LEVEL = "-Onone";
			};
			name = Debug;
		};
		945979F42150196B00456C4D /* Release */ = {
			isa = XCBuildConfiguration;
			buildSettings = {
				ALWAYS_SEARCH_USER_PATHS = NO;
				CLANG_ANALYZER_NONNULL = YES;
				CLANG_ANALYZER_NUMBER_OBJECT_CONVERSION = YES_AGGRESSIVE;
				CLANG_CXX_LANGUAGE_STANDARD = "gnu++14";
				CLANG_CXX_LIBRARY = "libc++";
				CLANG_ENABLE_MODULES = YES;
				CLANG_ENABLE_OBJC_ARC = YES;
				CLANG_ENABLE_OBJC_WEAK = YES;
				CLANG_WARN_BLOCK_CAPTURE_AUTORELEASING = YES;
				CLANG_WARN_BOOL_CONVERSION = YES;
				CLANG_WARN_COMMA = YES;
				CLANG_WARN_CONSTANT_CONVERSION = YES;
				CLANG_WARN_DEPRECATED_OBJC_IMPLEMENTATIONS = YES;
				CLANG_WARN_DIRECT_OBJC_ISA_USAGE = YES_ERROR;
				CLANG_WARN_DOCUMENTATION_COMMENTS = YES;
				CLANG_WARN_EMPTY_BODY = YES;
				CLANG_WARN_ENUM_CONVERSION = YES;
				CLANG_WARN_INFINITE_RECURSION = YES;
				CLANG_WARN_INT_CONVERSION = YES;
				CLANG_WARN_NON_LITERAL_NULL_CONVERSION = YES;
				CLANG_WARN_OBJC_IMPLICIT_RETAIN_SELF = YES;
				CLANG_WARN_OBJC_LITERAL_CONVERSION = YES;
				CLANG_WARN_OBJC_ROOT_CLASS = YES_ERROR;
				CLANG_WARN_RANGE_LOOP_ANALYSIS = YES;
				CLANG_WARN_STRICT_PROTOTYPES = YES;
				CLANG_WARN_SUSPICIOUS_MOVE = YES;
				CLANG_WARN_UNGUARDED_AVAILABILITY = YES_AGGRESSIVE;
				CLANG_WARN_UNREACHABLE_CODE = YES;
				CLANG_WARN__DUPLICATE_METHOD_MATCH = YES;
				CODE_SIGN_IDENTITY = "iPhone Developer";
				COPY_PHASE_STRIP = NO;
				DEBUG_INFORMATION_FORMAT = "dwarf-with-dsym";
				ENABLE_NS_ASSERTIONS = NO;
				ENABLE_STRICT_OBJC_MSGSEND = YES;
				GCC_C_LANGUAGE_STANDARD = gnu11;
				GCC_NO_COMMON_BLOCKS = YES;
				GCC_WARN_64_TO_32_BIT_CONVERSION = YES;
				GCC_WARN_ABOUT_RETURN_TYPE = YES_ERROR;
				GCC_WARN_UNDECLARED_SELECTOR = YES;
				GCC_WARN_UNINITIALIZED_AUTOS = YES_AGGRESSIVE;
				GCC_WARN_UNUSED_FUNCTION = YES;
				GCC_WARN_UNUSED_VARIABLE = YES;
				IPHONEOS_DEPLOYMENT_TARGET = 11.4;
				MTL_ENABLE_DEBUG_INFO = NO;
				SDKROOT = iphoneos;
				SWIFT_COMPILATION_MODE = wholemodule;
				SWIFT_OPTIMIZATION_LEVEL = "-O";
				VALIDATE_PRODUCT = YES;
			};
			name = Release;
		};
		945979F62150196B00456C4D /* Debug */ = {
			isa = XCBuildConfiguration;
			buildSettings = {
				ASSETCATALOG_COMPILER_APPICON_NAME = AppIcon;
				CODE_SIGN_STYLE = Automatic;
				DEVELOPMENT_TEAM = M7LGDAYZ7K;
				INFOPLIST_FILE = UnitConversionApp/Info.plist;
				LD_RUNPATH_SEARCH_PATHS = (
					"$(inherited)",
					"@executable_path/Frameworks",
				);
				PRODUCT_BUNDLE_IDENTIFIER = edu.gvsu.cis.UnitConversionApp;
				PRODUCT_NAME = "$(TARGET_NAME)";
				SWIFT_VERSION = 4.0;
				TARGETED_DEVICE_FAMILY = "1,2";
			};
			name = Debug;
		};
		945979F72150196B00456C4D /* Release */ = {
			isa = XCBuildConfiguration;
			buildSettings = {
				ASSETCATALOG_COMPILER_APPICON_NAME = AppIcon;
				CODE_SIGN_STYLE = Automatic;
				DEVELOPMENT_TEAM = M7LGDAYZ7K;
				INFOPLIST_FILE = UnitConversionApp/Info.plist;
				LD_RUNPATH_SEARCH_PATHS = (
					"$(inherited)",
					"@executable_path/Frameworks",
				);
				PRODUCT_BUNDLE_IDENTIFIER = edu.gvsu.cis.UnitConversionApp;
				PRODUCT_NAME = "$(TARGET_NAME)";
				SWIFT_VERSION = 4.0;
				TARGETED_DEVICE_FAMILY = "1,2";
			};
			name = Release;
		};
		945979F92150196B00456C4D /* Debug */ = {
			isa = XCBuildConfiguration;
			buildSettings = {
				ALWAYS_EMBED_SWIFT_STANDARD_LIBRARIES = YES;
				BUNDLE_LOADER = "$(TEST_HOST)";
				CODE_SIGN_STYLE = Automatic;
				DEVELOPMENT_TEAM = M7LGDAYZ7K;
				INFOPLIST_FILE = UnitConversionAppTests/Info.plist;
				LD_RUNPATH_SEARCH_PATHS = (
					"$(inherited)",
					"@executable_path/Frameworks",
					"@loader_path/Frameworks",
				);
				PRODUCT_BUNDLE_IDENTIFIER = edu.gvsu.cis.UnitConversionAppTests;
				PRODUCT_NAME = "$(TARGET_NAME)";
				SWIFT_VERSION = 4.0;
				TARGETED_DEVICE_FAMILY = "1,2";
				TEST_HOST = "$(BUILT_PRODUCTS_DIR)/UnitConversionApp.app/UnitConversionApp";
			};
			name = Debug;
		};
		945979FA2150196B00456C4D /* Release */ = {
			isa = XCBuildConfiguration;
			buildSettings = {
				ALWAYS_EMBED_SWIFT_STANDARD_LIBRARIES = YES;
				BUNDLE_LOADER = "$(TEST_HOST)";
				CODE_SIGN_STYLE = Automatic;
				DEVELOPMENT_TEAM = M7LGDAYZ7K;
				INFOPLIST_FILE = UnitConversionAppTests/Info.plist;
				LD_RUNPATH_SEARCH_PATHS = (
					"$(inherited)",
					"@executable_path/Frameworks",
					"@loader_path/Frameworks",
				);
				PRODUCT_BUNDLE_IDENTIFIER = edu.gvsu.cis.UnitConversionAppTests;
				PRODUCT_NAME = "$(TARGET_NAME)";
				SWIFT_VERSION = 4.0;
				TARGETED_DEVICE_FAMILY = "1,2";
				TEST_HOST = "$(BUILT_PRODUCTS_DIR)/UnitConversionApp.app/UnitConversionApp";
			};
			name = Release;
		};
		945979FC2150196B00456C4D /* Debug */ = {
			isa = XCBuildConfiguration;
			buildSettings = {
				ALWAYS_EMBED_SWIFT_STANDARD_LIBRARIES = YES;
				CODE_SIGN_STYLE = Automatic;
				DEVELOPMENT_TEAM = M7LGDAYZ7K;
				INFOPLIST_FILE = UnitConversionAppUITests/Info.plist;
				LD_RUNPATH_SEARCH_PATHS = (
					"$(inherited)",
					"@executable_path/Frameworks",
					"@loader_path/Frameworks",
				);
				PRODUCT_BUNDLE_IDENTIFIER = edu.gvsu.cis.UnitConversionAppUITests;
				PRODUCT_NAME = "$(TARGET_NAME)";
				SWIFT_VERSION = 4.0;
				TARGETED_DEVICE_FAMILY = "1,2";
				TEST_TARGET_NAME = UnitConversionApp;
			};
			name = Debug;
		};
		945979FD2150196B00456C4D /* Release */ = {
			isa = XCBuildConfiguration;
			buildSettings = {
				ALWAYS_EMBED_SWIFT_STANDARD_LIBRARIES = YES;
				CODE_SIGN_STYLE = Automatic;
				DEVELOPMENT_TEAM = M7LGDAYZ7K;
				INFOPLIST_FILE = UnitConversionAppUITests/Info.plist;
				LD_RUNPATH_SEARCH_PATHS = (
					"$(inherited)",
					"@executable_path/Frameworks",
					"@loader_path/Frameworks",
				);
				PRODUCT_BUNDLE_IDENTIFIER = edu.gvsu.cis.UnitConversionAppUITests;
				PRODUCT_NAME = "$(TARGET_NAME)";
				SWIFT_VERSION = 4.0;
				TARGETED_DEVICE_FAMILY = "1,2";
				TEST_TARGET_NAME = UnitConversionApp;
			};
			name = Release;
		};
/* End XCBuildConfiguration section */

/* Begin XCConfigurationList section */
		945979C82150196A00456C4D /* Build configuration list for PBXProject "UnitConversionApp" */ = {
			isa = XCConfigurationList;
			buildConfigurations = (
				945979F32150196B00456C4D /* Debug */,
				945979F42150196B00456C4D /* Release */,
			);
			defaultConfigurationIsVisible = 0;
			defaultConfigurationName = Release;
		};
		945979F52150196B00456C4D /* Build configuration list for PBXNativeTarget "UnitConversionApp" */ = {
			isa = XCConfigurationList;
			buildConfigurations = (
				945979F62150196B00456C4D /* Debug */,
				945979F72150196B00456C4D /* Release */,
			);
			defaultConfigurationIsVisible = 0;
			defaultConfigurationName = Release;
		};
		945979F82150196B00456C4D /* Build configuration list for PBXNativeTarget "UnitConversionAppTests" */ = {
			isa = XCConfigurationList;
			buildConfigurations = (
				945979F92150196B00456C4D /* Debug */,
				945979FA2150196B00456C4D /* Release */,
			);
			defaultConfigurationIsVisible = 0;
			defaultConfigurationName = Release;
		};
		945979FB2150196B00456C4D /* Build configuration list for PBXNativeTarget "UnitConversionAppUITests" */ = {
			isa = XCConfigurationList;
			buildConfigurations = (
				945979FC2150196B00456C4D /* Debug */,
				945979FD2150196B00456C4D /* Release */,
			);
			defaultConfigurationIsVisible = 0;
			defaultConfigurationName = Release;
		};
/* End XCConfigurationList section */
	};
	rootObject = 945979C52150196A00456C4D /* Project object */;
}
